
Microsoft Visual Studio Solution File, Format Version 12.00
# Visual Studio Version 16
VisualStudioVersion = 16.0.30717.126
MinimumVisualStudioVersion = 10.0.40219.1
Project("{FAE04EC0-301F-11D3-BF4B-00C04F79EFBC}") = "SalesWebMvc", "SalesWebMvc\SalesWebMvc.csproj", "{22DDB3FA-0D83-424A-B248-A3FA75A2124D}"
EndProject
Global
	GlobalSection(SolutionConfigurationPlatforms) = preSolution
		Debug|Any CPU = Debug|Any CPU
		Release|Any CPU = Release|Any CPU
	EndGlobalSection
	GlobalSection(ProjectConfigurationPlatforms) = postSolution
		{22DDB3FA-0D83-424A-B248-A3FA75A2124D}.Debug|Any CPU.ActiveCfg = Debug|Any CPU
		{22DDB3FA-0D83-424A-B248-A3FA75A2124D}.Debug|Any CPU.Build.0 = Debug|Any CPU
		{22DDB3FA-0D83-424A-B248-A3FA75A2124D}.Release|Any CPU.ActiveCfg = Release|Any CPU
		{22DDB3FA-0D83-424A-B248-A3FA75A2124D}.Release|Any CPU.Build.0 = Release|Any CPU
	EndGlobalSection
	GlobalSection(SolutionProperties) = preSolution
		HideSolutionNode = FALSE
	EndGlobalSection
	GlobalSection(ExtensibilityGlobals) = postSolution
		SolutionGuid = {55CA49FB-9BD4-4018-A080-83913F1A85E8}
	EndGlobalSection
EndGlobal
